
Microsoft Visual Studio Solution File, Format Version 12.00
# Visual Studio Version 16
VisualStudioVersion = 16.0.30804.86
MinimumVisualStudioVersion = 10.0.40219.1
Project("{FAE04EC0-301F-11D3-BF4B-00C04F79EFBC}") = "ZdalnaSzkola", "ZdalnaSzkola\ZdalnaSzkola.csproj", "{32AB7550-B059-4674-8B0D-3454AE663E29}"
EndProject
Global
	GlobalSection(SolutionConfigurationPlatforms) = preSolution
		Debug|Any CPU = Debug|Any CPU
		Release|Any CPU = Release|Any CPU
	EndGlobalSection
	GlobalSection(ProjectConfigurationPlatforms) = postSolution
		{32AB7550-B059-4674-8B0D-3454AE663E29}.Debug|Any CPU.ActiveCfg = Debug|Any CPU
		{32AB7550-B059-4674-8B0D-3454AE663E29}.Debug|Any CPU.Build.0 = Debug|Any CPU
		{32AB7550-B059-4674-8B0D-3454AE663E29}.Release|Any CPU.ActiveCfg = Release|Any CPU
		{32AB7550-B059-4674-8B0D-3454AE663E29}.Release|Any CPU.Build.0 = Release|Any CPU
	EndGlobalSection
	GlobalSection(SolutionProperties) = preSolution
		HideSolutionNode = FALSE
	EndGlobalSection
	GlobalSection(ExtensibilityGlobals) = postSolution
		SolutionGuid = {CC097D90-F9C2-405A-A3B9-B10DA667E99A}
	EndGlobalSection
EndGlobal
